{
  "name": "karrot-frontend",
  "version": "4.0.0",
  "lockfileVersion": 1,
  "requires": true,
  "dependencies": {
    "browser-update": {
      "version": "2.1.11",
      "resolved": "https://registry.npmjs.org/browser-update/-/browser-update-2.1.11.tgz",
      "integrity": "sha1-jVbp15BcveECbjfRFgSLhyz7Sk8="
    },
    "detect-browser": {
      "version": "2.3.0",
      "resolved": "https://registry.npmjs.org/detect-browser/-/detect-browser-2.3.0.tgz",
      "integrity": "sha512-OqkZln4yy1s0+fiX8BjbXcXvzXWC9pb0evZ13h7/EzkQ3zKwUdnMa60MvXZcRrmy79+JXM5RylXbzytyj2RqUg=="
    },
    "os": {
      "version": "0.1.1",
      "resolved": "https://registry.npmjs.org/os/-/os-0.1.1.tgz",
      "integrity": "sha1-IIhF6J4ZOtTZcUdLk5R3NqVtE/M="
    },
    "process": {
      "version": "0.11.10",
      "resolved": "https://registry.npmjs.org/process/-/process-0.11.10.tgz",
      "integrity": "sha1-czIwDoQBYb2j5podHZGn1LwW8YI="
    },
    "vue-browserupdate": {
      "version": "1.2.0",
      "resolved": "https://registry.npmjs.org/vue-browserupdate/-/vue-browserupdate-1.2.0.tgz",
      "integrity": "sha512-oXABV2LNKLPaTtW2CAqcS8v+smwA+WjRz7s7gv9ycsvdMFZfbLBd1pxwkYNpamNORL8emX9zBKubpus8eL5xQQ==",
      "requires": {
        "browser-update": "2.1.11"
      }
    },
    "x-browser-update": {
      "version": "1.0.0",
      "resolved": "https://registry.npmjs.org/x-browser-update/-/x-browser-update-1.0.0.tgz",
      "integrity": "sha512-Dl2H/qaGEykmkwWZnrXonk2MmgdUQKDk7RS0RRvA8KsdpiR3NAlF0LPiANufYsRXStZy6ksqnDBxXyh8CA86pg==",
      "requires": {
        "browser-update": "2.1.11",
        "vue": "2.5.16"
      },
      "dependencies": {
        "vue": {
          "version": "2.5.16",
          "resolved": "https://registry.npmjs.org/vue/-/vue-2.5.16.tgz",
          "integrity": "sha512-/ffmsiVuPC8PsWcFkZngdpas19ABm5mh2wA7iDqcltyCTwlgZjHGeJYOXkBMo422iPwIcviOtrTCUpSfXmToLQ=="
        }
      }
    }
  }
}
