{
  "name": "karrot-frontend",
  "version": "4.0.0",
  "lockfileVersion": 1,
  "requires": true,
  "dependencies": {
    "browser-update": {
      "version": "2.1.11",
      "resolved": "https://registry.npmjs.org/browser-update/-/browser-update-2.1.11.tgz",
      "integrity": "sha1-jVbp15BcveECbjfRFgSLhyz7Sk8="
    },
    "vue-browserupdate": {
      "version": "1.2.0",
      "resolved": "https://registry.npmjs.org/vue-browserupdate/-/vue-browserupdate-1.2.0.tgz",
      "integrity": "sha512-oXABV2LNKLPaTtW2CAqcS8v+smwA+WjRz7s7gv9ycsvdMFZfbLBd1pxwkYNpamNORL8emX9zBKubpus8eL5xQQ==",
      "requires": {
        "browser-update": "2.1.11"
      }
    }
  }
}
